
Microsoft Visual Studio Solution File, Format Version 12.00
# Visual Studio 15
VisualStudioVersion = 15.0.26730.16
MinimumVisualStudioVersion = 10.0.40219.1
Project("{9A19103F-16F7-4668-BE54-9A1E7A4F7556}") = "EventHubsForKafkaSample", "EventHubsForKafkaSample\EventHubsForKafkaSample.csproj", "{4DF2C55D-5EBF-4593-BBCB-44DFE8B3F2AE}"
EndProject
Global
	GlobalSection(SolutionConfigurationPlatforms) = preSolution
		Debug|Any CPU = Debug|Any CPU
		Release|Any CPU = Release|Any CPU
	EndGlobalSection
	GlobalSection(ProjectConfigurationPlatforms) = postSolution
		{4DF2C55D-5EBF-4593-BBCB-44DFE8B3F2AE}.Debug|Any CPU.ActiveCfg = Debug|Any CPU
		{4DF2C55D-5EBF-4593-BBCB-44DFE8B3F2AE}.Debug|Any CPU.Build.0 = Debug|Any CPU
		{4DF2C55D-5EBF-4593-BBCB-44DFE8B3F2AE}.Release|Any CPU.ActiveCfg = Release|Any CPU
		{4DF2C55D-5EBF-4593-BBCB-44DFE8B3F2AE}.Release|Any CPU.Build.0 = Release|Any CPU
	EndGlobalSection
	GlobalSection(SolutionProperties) = preSolution
		HideSolutionNode = FALSE
	EndGlobalSection
	GlobalSection(ExtensibilityGlobals) = postSolution
		SolutionGuid = {C2F6313E-AC92-459C-B41E-A95D00E71BCF}
	EndGlobalSection
EndGlobal
